
Microsoft Visual Studio Solution File, Format Version 12.00
# Visual Studio Version 16
VisualStudioVersion = 16.0.32002.261
MinimumVisualStudioVersion = 10.0.40219.1
Project("{FAE04EC0-301F-11D3-BF4B-00C04F79EFBC}") = "COPDemoApp", "COPDemoApp\COPDemoApp.csproj", "{660B14E3-F28E-4EAE-85B7-F607BAA78C52}"
EndProject
Global
	GlobalSection(SolutionConfigurationPlatforms) = preSolution
		Debug|Any CPU = Debug|Any CPU
		Release|Any CPU = Release|Any CPU
	EndGlobalSection
	GlobalSection(ProjectConfigurationPlatforms) = postSolution
		{660B14E3-F28E-4EAE-85B7-F607BAA78C52}.Debug|Any CPU.ActiveCfg = Debug|Any CPU
		{660B14E3-F28E-4EAE-85B7-F607BAA78C52}.Debug|Any CPU.Build.0 = Debug|Any CPU
		{660B14E3-F28E-4EAE-85B7-F607BAA78C52}.Release|Any CPU.ActiveCfg = Release|Any CPU
		{660B14E3-F28E-4EAE-85B7-F607BAA78C52}.Release|Any CPU.Build.0 = Release|Any CPU
	EndGlobalSection
	GlobalSection(SolutionProperties) = preSolution
		HideSolutionNode = FALSE
	EndGlobalSection
	GlobalSection(ExtensibilityGlobals) = postSolution
		SolutionGuid = {68CBA666-E86D-4A6B-9548-74529B1A47F8}
	EndGlobalSection
EndGlobal
